
Microsoft Visual Studio Solution File, Format Version 12.00
# Visual Studio Version 16
VisualStudioVersion = 16.0.34301.259
MinimumVisualStudioVersion = 10.0.40219.1
Project("{FAE04EC0-301F-11D3-BF4B-00C04F79EFBC}") = "Interface", "Interface\Interface.csproj", "{981093B6-9402-4D24-96D4-6F8278046E3D}"
EndProject
Global
	GlobalSection(SolutionConfigurationPlatforms) = preSolution
		Debug|Any CPU = Debug|Any CPU
		Release|Any CPU = Release|Any CPU
	EndGlobalSection
	GlobalSection(ProjectConfigurationPlatforms) = postSolution
		{981093B6-9402-4D24-96D4-6F8278046E3D}.Debug|Any CPU.ActiveCfg = Debug|Any CPU
		{981093B6-9402-4D24-96D4-6F8278046E3D}.Debug|Any CPU.Build.0 = Debug|Any CPU
		{981093B6-9402-4D24-96D4-6F8278046E3D}.Release|Any CPU.ActiveCfg = Release|Any CPU
		{981093B6-9402-4D24-96D4-6F8278046E3D}.Release|Any CPU.Build.0 = Release|Any CPU
	EndGlobalSection
	GlobalSection(SolutionProperties) = preSolution
		HideSolutionNode = FALSE
	EndGlobalSection
	GlobalSection(ExtensibilityGlobals) = postSolution
		SolutionGuid = {C13FBEDD-B49E-4872-A79F-1403DE9ED1DF}
	EndGlobalSection
EndGlobal
